
Microsoft Visual Studio Solution File, Format Version 12.00
# Visual Studio Version 16
VisualStudioVersion = 16.0.31424.327
MinimumVisualStudioVersion = 10.0.40219.1
Project("{FAE04EC0-301F-11D3-BF4B-00C04F79EFBC}") = "DriverStatistics1", "DriverStatistics1.csproj", "{35D18D5F-4EBC-430D-B45C-517276AE6070}"
EndProject
Global
	GlobalSection(SolutionConfigurationPlatforms) = preSolution
		Debug|Any CPU = Debug|Any CPU
		Release|Any CPU = Release|Any CPU
	EndGlobalSection
	GlobalSection(ProjectConfigurationPlatforms) = postSolution
		{35D18D5F-4EBC-430D-B45C-517276AE6070}.Debug|Any CPU.ActiveCfg = Debug|Any CPU
		{35D18D5F-4EBC-430D-B45C-517276AE6070}.Debug|Any CPU.Build.0 = Debug|Any CPU
		{35D18D5F-4EBC-430D-B45C-517276AE6070}.Release|Any CPU.ActiveCfg = Release|Any CPU
		{35D18D5F-4EBC-430D-B45C-517276AE6070}.Release|Any CPU.Build.0 = Release|Any CPU
	EndGlobalSection
	GlobalSection(SolutionProperties) = preSolution
		HideSolutionNode = FALSE
	EndGlobalSection
	GlobalSection(ExtensibilityGlobals) = postSolution
		SolutionGuid = {0B9B72B0-D19E-4351-8D69-E5ABFDFBECB7}
	EndGlobalSection
EndGlobal
